
Microsoft Visual Studio Solution File, Format Version 12.00
# Visual Studio Version 16
VisualStudioVersion = 16.0.31624.102
MinimumVisualStudioVersion = 10.0.40219.1
Project("{FAE04EC0-301F-11D3-BF4B-00C04F79EFBC}") = "Space_Truckers", "Space_Truckers\Space_Truckers.csproj", "{5669D383-3177-4081-83E9-6EB61A9C9864}"
EndProject
Project("{FAE04EC0-301F-11D3-BF4B-00C04F79EFBC}") = "DBContext", "DBContext\DBContext.csproj", "{655B0D4B-5E38-41CA-8947-DCAE89F70057}"
EndProject
Global
	GlobalSection(SolutionConfigurationPlatforms) = preSolution
		Debug|Any CPU = Debug|Any CPU
		Release|Any CPU = Release|Any CPU
	EndGlobalSection
	GlobalSection(ProjectConfigurationPlatforms) = postSolution
		{5669D383-3177-4081-83E9-6EB61A9C9864}.Debug|Any CPU.ActiveCfg = Debug|Any CPU
		{5669D383-3177-4081-83E9-6EB61A9C9864}.Debug|Any CPU.Build.0 = Debug|Any CPU
		{5669D383-3177-4081-83E9-6EB61A9C9864}.Release|Any CPU.ActiveCfg = Release|Any CPU
		{5669D383-3177-4081-83E9-6EB61A9C9864}.Release|Any CPU.Build.0 = Release|Any CPU
		{655B0D4B-5E38-41CA-8947-DCAE89F70057}.Debug|Any CPU.ActiveCfg = Debug|Any CPU
		{655B0D4B-5E38-41CA-8947-DCAE89F70057}.Debug|Any CPU.Build.0 = Debug|Any CPU
		{655B0D4B-5E38-41CA-8947-DCAE89F70057}.Release|Any CPU.ActiveCfg = Release|Any CPU
		{655B0D4B-5E38-41CA-8947-DCAE89F70057}.Release|Any CPU.Build.0 = Release|Any CPU
	EndGlobalSection
	GlobalSection(SolutionProperties) = preSolution
		HideSolutionNode = FALSE
	EndGlobalSection
	GlobalSection(ExtensibilityGlobals) = postSolution
		SolutionGuid = {17A01209-D1B8-4E13-AC71-A63D2AE26260}
	EndGlobalSection
EndGlobal
